// !$*UTF8*$!
{
	archiveVersion = 1;
	classes = {
	};
	objectVersion = 46;
	objects = {

/* Begin PBXBuildFile section */
		D4CB67EA1EB793590004E4DD /* AppDelegate.swift in Sources */ = {isa = PBXBuildFile; fileRef = D4CB67E91EB793590004E4DD /* AppDelegate.swift */; };
		D4CB67EC1EB793590004E4DD /* ViewController.swift in Sources */ = {isa = PBXBuildFile; fileRef = D4CB67EB1EB793590004E4DD /* ViewController.swift */; };
		D4CB67EF1EB793590004E4DD /* Main.storyboard in Resources */ = {isa = PBXBuildFile; fileRef = D4CB67ED1EB793590004E4DD /* Main.storyboard */; };
		D4CB67F11EB793590004E4DD /* Assets.xcassets in Resources */ = {isa = PBXBuildFile; fileRef = D4CB67F01EB793590004E4DD /* Assets.xcassets */; };
		D4CB67F41EB793590004E4DD /* LaunchScreen.storyboard in Resources */ = {isa = PBXBuildFile; fileRef = D4CB67F21EB793590004E4DD /* LaunchScreen.storyboard */; };
		D4CB67FC1EB79DA30004E4DD /* sakura.png in Resources */ = {isa = PBXBuildFile; fileRef = D4CB67FB1EB79DA30004E4DD /* sakura.png */; };
/* End PBXBuildFile section */

/* Begin PBXFileReference section */
		D4CB67E61EB793590004E4DD /* Shadow Boxer.app */ = {isa = PBXFileReference; explicitFileType = wrapper.application; includeInIndex = 0; path = "Shadow Boxer.app"; sourceTree = BUILT_PRODUCTS_DIR; };
		D4CB67E91EB793590004E4DD /* AppDelegate.swift */ = {isa = PBXFileReference; lastKnownFileType = sourcecode.swift; path = AppDelegate.swift; sourceTree = "<group>"; };
		D4CB67EB1EB793590004E4DD /* ViewController.swift */ = {isa = PBXFileReference; lastKnownFileType = sourcecode.swift; path = ViewController.swift; sourceTree = "<group>"; };
		D4CB67EE1EB793590004E4DD /* Base */ = {isa = PBXFileReference; lastKnownFileType = file.storyboard; name = Base; path = Base.lproj/Main.storyboard; sourceTree = "<group>"; };
		D4CB67F01EB793590004E4DD /* Assets.xcassets */ = {isa = PBXFileReference; lastKnownFileType = folder.assetcatalog; path = Assets.xcassets; sourceTree = "<group>"; };
		D4CB67F31EB793590004E4DD /* Base */ = {isa = PBXFileReference; lastKnownFileType = file.storyboard; name = Base; path = Base.lproj/LaunchScreen.storyboard; sourceTree = "<group>"; };
		D4CB67F51EB793590004E4DD /* Info.plist */ = {isa = PBXFileReference; lastKnownFileType = text.plist.xml; path = Info.plist; sourceTree = "<group>"; };
		D4CB67FB1EB79DA30004E4DD /* sakura.png */ = {isa = PBXFileReference; lastKnownFileType = image.png; name = sakura.png; path = ../../sakura.png; sourceTree = "<group>"; };
/* End PBXFileReference section */

/* Begin PBXFrameworksBuildPhase section */
		D4CB67E31EB793590004E4DD /* Frameworks */ = {
			isa = PBXFrameworksBuildPhase;
			buildActionMask = 2147483647;
			files = (
			);
			runOnlyForDeploymentPostprocessing = 0;
		};
/* End PBXFrameworksBuildPhase section */

/* Begin PBXGroup section */
		D4CB67DD1EB793590004E4DD = {
			isa = PBXGroup;
			children = (
				D4CB67E81EB793590004E4DD /* Shadow Boxer */,
				D4CB67E71EB793590004E4DD /* Products */,
			);
			sourceTree = "<group>";
		};
		D4CB67E71EB793590004E4DD /* Products */ = {
			isa = PBXGroup;
			children = (
				D4CB67E61EB793590004E4DD /* Shadow Boxer.app */,
			);
			name = Products;
			sourceTree = "<group>";
		};
		D4CB67E81EB793590004E4DD /* Shadow Boxer */ = {
			isa = PBXGroup;
			children = (
				D4CB67E91EB793590004E4DD /* AppDelegate.swift */,
				D4CB67EB1EB793590004E4DD /* ViewController.swift */,
				D4CB67ED1EB793590004E4DD /* Main.storyboard */,
				D4CB67F01EB793590004E4DD /* Assets.xcassets */,
				D4CB67F21EB793590004E4DD /* LaunchScreen.storyboard */,
				D4CB67FB1EB79DA30004E4DD /* sakura.png */,
				D4CB67F51EB793590004E4DD /* Info.plist */,
			);
			path = "Shadow Boxer";
			sourceTree = "<group>";
		};
/* End PBXGroup section */

/* Begin PBXNativeTarget section */
		D4CB67E51EB793590004E4DD /* Shadow Boxer */ = {
			isa = PBXNativeTarget;
			buildConfigurationList = D4CB67F81EB793590004E4DD /* Build configuration list for PBXNativeTarget "Shadow Boxer" */;
			buildPhases = (
				D4CB67E21EB793590004E4DD /* Sources */,
				D4CB67E31EB793590004E4DD /* Frameworks */,
				D4CB67E41EB793590004E4DD /* Resources */,
			);
			buildRules = (
			);
			dependencies = (
			);
			name = "Shadow Boxer";
			productName = "Shadow Boxer";
			productReference = D4CB67E61EB793590004E4DD /* Shadow Boxer.app */;
			productType = "com.apple.product-type.application";
		};
/* End PBXNativeTarget section */

/* Begin PBXProject section */
		D4CB67DE1EB793590004E4DD /* Project object */ = {
			isa = PBXProject;
			attributes = {
				LastSwiftUpdateCheck = 0830;
				LastUpgradeCheck = 0830;
				ORGANIZATIONNAME = "Martin Nash";
				TargetAttributes = {
					D4CB67E51EB793590004E4DD = {
						CreatedOnToolsVersion = 8.3.2;
						DevelopmentTeam = 9HRE38R377;
						ProvisioningStyle = Automatic;
					};
				};
			};
			buildConfigurationList = D4CB67E11EB793590004E4DD /* Build configuration list for PBXProject "Shadow Boxer" */;
			compatibilityVersion = "Xcode 3.2";
			developmentRegion = English;
			hasScannedForEncodings = 0;
			knownRegions = (
				en,
				Base,
			);
			mainGroup = D4CB67DD1EB793590004E4DD;
			productRefGroup = D4CB67E71EB793590004E4DD /* Products */;
			projectDirPath = "";
			projectRoot = "";
			targets = (
				D4CB67E51EB793590004E4DD /* Shadow Boxer */,
			);
		};
/* End PBXProject section */

/* Begin PBXResourcesBuildPhase section */
		D4CB67E41EB793590004E4DD /* Resources */ = {
			isa = PBXResourcesBuildPhase;
			buildActionMask = 2147483647;
			files = (
				D4CB67FC1EB79DA30004E4DD /* sakura.png in Resources */,
				D4CB67F41EB793590004E4DD /* LaunchScreen.storyboard in Resources */,
				D4CB67F11EB793590004E4DD /* Assets.xcassets in Resources */,
				D4CB67EF1EB793590004E4DD /* Main.storyboard in Resources */,
			);
			runOnlyForDeploymentPostprocessing = 0;
		};
/* End PBXResourcesBuildPhase section */

/* Begin PBXSourcesBuildPhase section */
		D4CB67E21EB793590004E4DD /* Sources */ = {
			isa = PBXSourcesBuildPhase;
			buildActionMask = 2147483647;
			files = (
				D4CB67EC1EB793590004E4DD /* ViewController.swift in Sources */,
				D4CB67EA1EB793590004E4DD /* AppDelegate.swift in Sources */,
			);
			runOnlyForDeploymentPostprocessing = 0;
		};
/* End PBXSourcesBuildPhase section */

/* Begin PBXVariantGroup section */
		D4CB67ED1EB793590004E4DD /* Main.storyboard */ = {
			isa = PBXVariantGroup;
			children = (
				D4CB67EE1EB793590004E4DD /* Base */,
			);
			name = Main.storyboard;
			sourceTree = "<group>";
		};
		D4CB67F21EB793590004E4DD /* LaunchScreen.storyboard */ = {
			isa = PBXVariantGroup;
			children = (
				D4CB67F31EB793590004E4DD /* Base */,
			);
			name = LaunchScreen.storyboard;
			sourceTree = "<group>";
		};
/* End PBXVariantGroup section */

/* Begin XCBuildConfiguration section */
		D4CB67F61EB793590004E4DD /* Debug */ = {
			isa = XCBuildConfiguration;
			buildSettings = {
				ALWAYS_SEARCH_USER_PATHS = NO;
				CLANG_ANALYZER_NONNULL = YES;
				CLANG_ANALYZER_NUMBER_OBJECT_CONVERSION = YES_AGGRESSIVE;
				CLANG_CXX_LANGUAGE_STANDARD = "gnu++0x";
				CLANG_CXX_LIBRARY = "libc++";
				CLANG_ENABLE_MODULES = YES;
				CLANG_ENABLE_OBJC_ARC = YES;
				CLANG_WARN_BOOL_CONVERSION = YES;
				CLANG_WARN_CONSTANT_CONVERSION = YES;
				CLANG_WARN_DIRECT_OBJC_ISA_USAGE = YES_ERROR;
				CLANG_WARN_DOCUMENTATION_COMMENTS = YES;
				CLANG_WARN_EMPTY_BODY = YES;
				CLANG_WARN_ENUM_CONVERSION = YES;
				CLANG_WARN_INFINITE_RECURSION = YES;
				CLANG_WARN_INT_CONVERSION = YES;
				CLANG_WARN_OBJC_ROOT_CLASS = YES_ERROR;
				CLANG_WARN_SUSPICIOUS_MOVE = YES;
				CLANG_WARN_UNREACHABLE_CODE = YES;
				CLANG_WARN__DUPLICATE_METHOD_MATCH = YES;
				"CODE_SIGN_IDENTITY[sdk=iphoneos*]" = "iPhone Developer";
				COPY_PHASE_STRIP = NO;
				DEBUG_INFORMATION_FORMAT = dwarf;
				ENABLE_STRICT_OBJC_MSGSEND = YES;
				ENABLE_TESTABILITY = YES;
				GCC_C_LANGUAGE_STANDARD = gnu99;
				GCC_DYNAMIC_NO_PIC = NO;
				GCC_NO_COMMON_BLOCKS = YES;
				GCC_OPTIMIZATION_LEVEL = 0;
				GCC_PREPROCESSOR_DEFINITIONS = (
					"DEBUG=1",
					"$(inherited)",
				);
				GCC_WARN_64_TO_32_BIT_CONVERSION = YES;
				GCC_WARN_ABOUT_RETURN_TYPE = YES_ERROR;
				GCC_WARN_UNDECLARED_SELECTOR = YES;
				GCC_WARN_UNINITIALIZED_AUTOS = YES_AGGRESSIVE;
				GCC_WARN_UNUSED_FUNCTION = YES;
				GCC_WARN_UNUSED_VARIABLE = YES;
				IPHONEOS_DEPLOYMENT_TARGET = 10.3;
				MTL_ENABLE_DEBUG_INFO = YES;
				ONLY_ACTIVE_ARCH = YES;
				SDKROOT = iphoneos;
				SWIFT_ACTIVE_COMPILATION_CONDITIONS = DEBUG;
				SWIFT_OPTIMIZATION_LEVEL = "-Onone";
				TARGETED_DEVICE_FAMILY = "1,2";
			};
			name = Debug;
		};
		D4CB67F71EB793590004E4DD /* Release */ = {
			isa = XCBuildConfiguration;
			buildSettings = {
				ALWAYS_SEARCH_USER_PATHS = NO;
				CLANG_ANALYZER_NONNULL = YES;
				CLANG_ANALYZER_NUMBER_OBJECT_CONVERSION = YES_AGGRESSIVE;
				CLANG_CXX_LANGUAGE_STANDARD = "gnu++0x";
				CLANG_CXX_LIBRARY = "libc++";
				CLANG_ENABLE_MODULES = YES;
				CLANG_ENABLE_OBJC_ARC = YES;
				CLANG_WARN_BOOL_CONVERSION = YES;
				CLANG_WARN_CONSTANT_CONVERSION = YES;
				CLANG_WARN_DIRECT_OBJC_ISA_USAGE = YES_ERROR;
				CLANG_WARN_DOCUMENTATION_COMMENTS = YES;
				CLANG_WARN_EMPTY_BODY = YES;
				CLANG_WARN_ENUM_CONVERSION = YES;
				CLANG_WARN_INFINITE_RECURSION = YES;
				CLANG_WARN_INT_CONVERSION = YES;
				CLANG_WARN_OBJC_ROOT_CLASS = YES_ERROR;
				CLANG_WARN_SUSPICIOUS_MOVE = YES;
				CLANG_WARN_UNREACHABLE_CODE = YES;
				CLANG_WARN__DUPLICATE_METHOD_MATCH = YES;
				"CODE_SIGN_IDENTITY[sdk=iphoneos*]" = "iPhone Developer";
				COPY_PHASE_STRIP = NO;
				DEBUG_INFORMATION_FORMAT = "dwarf-with-dsym";
				ENABLE_NS_ASSERTIONS = NO;
				ENABLE_STRICT_OBJC_MSGSEND = YES;
				GCC_C_LANGUAGE_STANDARD = gnu99;
				GCC_NO_COMMON_BLOCKS = YES;
				GCC_WARN_64_TO_32_BIT_CONVERSION = YES;
				GCC_WARN_ABOUT_RETURN_TYPE = YES_ERROR;
				GCC_WARN_UNDECLARED_SELECTOR = YES;
				GCC_WARN_UNINITIALIZED_AUTOS = YES_AGGRESSIVE;
				GCC_WARN_UNUSED_FUNCTION = YES;
				GCC_WARN_UNUSED_VARIABLE = YES;
				IPHONEOS_DEPLOYMENT_TARGET = 10.3;
				MTL_ENABLE_DEBUG_INFO = NO;
				SDKROOT = iphoneos;
				SWIFT_OPTIMIZATION_LEVEL = "-Owholemodule";
				TARGETED_DEVICE_FAMILY = "1,2";
				VALIDATE_PRODUCT = YES;
			};
			name = Release;
		};
		D4CB67F91EB793590004E4DD /* Debug */ = {
			isa = XCBuildConfiguration;
			buildSettings = {
				ASSETCATALOG_COMPILER_APPICON_NAME = AppIcon;
				DEVELOPMENT_TEAM = 9HRE38R377;
				INFOPLIST_FILE = "Shadow Boxer/Info.plist";
				LD_RUNPATH_SEARCH_PATHS = "$(inherited) @executable_path/Frameworks";
				PRODUCT_BUNDLE_IDENTIFIER = "booHow.Shadow-Boxer";
				PRODUCT_NAME = "$(TARGET_NAME)";
				SWIFT_VERSION = 3.0;
			};
			name = Debug;
		};
		D4CB67FA1EB793590004E4DD /* Release */ = {
			isa = XCBuildConfiguration;
			buildSettings = {
				ASSETCATALOG_COMPILER_APPICON_NAME = AppIcon;
				DEVELOPMENT_TEAM = 9HRE38R377;
				INFOPLIST_FILE = "Shadow Boxer/Info.plist";
				LD_RUNPATH_SEARCH_PATHS = "$(inherited) @executable_path/Frameworks";
				PRODUCT_BUNDLE_IDENTIFIER = "booHow.Shadow-Boxer";
				PRODUCT_NAME = "$(TARGET_NAME)";
				SWIFT_VERSION = 3.0;
			};
			name = Release;
		};
/* End XCBuildConfiguration section */

/* Begin XCConfigurationList section */
		D4CB67E11EB793590004E4DD /* Build configuration list for PBXProject "Shadow Boxer" */ = {
			isa = XCConfigurationList;
			buildConfigurations = (
				D4CB67F61EB793590004E4DD /* Debug */,
				D4CB67F71EB793590004E4DD /* Release */,
			);
			defaultConfigurationIsVisible = 0;
			defaultConfigurationName = Release;
		};
		D4CB67F81EB793590004E4DD /* Build configuration list for PBXNativeTarget "Shadow Boxer" */ = {
			isa = XCConfigurationList;
			buildConfigurations = (
				D4CB67F91EB793590004E4DD /* Debug */,
				D4CB67FA1EB793590004E4DD /* Release */,
			);
			defaultConfigurationIsVisible = 0;
		};
/* End XCConfigurationList section */
	};
	rootObject = D4CB67DE1EB793590004E4DD /* Project object */;
}
